
Microsoft Visual Studio Solution File, Format Version 12.00
# Visual Studio Version 17
VisualStudioVersion = 17.4.33213.308
MinimumVisualStudioVersion = 10.0.40219.1
Project("{9A19103F-16F7-4668-BE54-9A1E7A4F7556}") = "app8", "ConsoleApp1\app8.csproj", "{51CD8B45-2CFE-4B7D-9F96-A3886A635CBD}"
EndProject
Global
	GlobalSection(SolutionConfigurationPlatforms) = preSolution
		Debug|Any CPU = Debug|Any CPU
		Release|Any CPU = Release|Any CPU
	EndGlobalSection
	GlobalSection(ProjectConfigurationPlatforms) = postSolution
		{51CD8B45-2CFE-4B7D-9F96-A3886A635CBD}.Debug|Any CPU.ActiveCfg = Debug|Any CPU
		{51CD8B45-2CFE-4B7D-9F96-A3886A635CBD}.Debug|Any CPU.Build.0 = Debug|Any CPU
		{51CD8B45-2CFE-4B7D-9F96-A3886A635CBD}.Release|Any CPU.ActiveCfg = Release|Any CPU
		{51CD8B45-2CFE-4B7D-9F96-A3886A635CBD}.Release|Any CPU.Build.0 = Release|Any CPU
	EndGlobalSection
	GlobalSection(SolutionProperties) = preSolution
		HideSolutionNode = FALSE
	EndGlobalSection
	GlobalSection(ExtensibilityGlobals) = postSolution
		SolutionGuid = {F6F0F881-BB5D-4FE7-A752-379E7C6D7237}
	EndGlobalSection
EndGlobal
